
Microsoft Visual Studio Solution File, Format Version 12.00
# Visual Studio 14
VisualStudioVersion = 14.0.23107.0
MinimumVisualStudioVersion = 10.0.40219.1
Project("{FAE04EC0-301F-11D3-BF4B-00C04F79EFBC}") = "Eviak.Host", "Eviak.Host\Eviak.Host.csproj", "{6EB6C73E-D964-4513-8229-5592A2732AE9}"
EndProject
Project("{FAE04EC0-301F-11D3-BF4B-00C04F79EFBC}") = "Eviak.Core", "Eviak.Core\Eviak.Core.csproj", "{AA51E172-EC6A-4F70-84B1-343C98513FD6}"
EndProject
Global
	GlobalSection(SolutionConfigurationPlatforms) = preSolution
		Debug|Any CPU = Debug|Any CPU
		Release|Any CPU = Release|Any CPU
	EndGlobalSection
	GlobalSection(ProjectConfigurationPlatforms) = postSolution
		{6EB6C73E-D964-4513-8229-5592A2732AE9}.Debug|Any CPU.ActiveCfg = Debug|Any CPU
		{6EB6C73E-D964-4513-8229-5592A2732AE9}.Debug|Any CPU.Build.0 = Debug|Any CPU
		{6EB6C73E-D964-4513-8229-5592A2732AE9}.Release|Any CPU.ActiveCfg = Release|Any CPU
		{6EB6C73E-D964-4513-8229-5592A2732AE9}.Release|Any CPU.Build.0 = Release|Any CPU
		{AA51E172-EC6A-4F70-84B1-343C98513FD6}.Debug|Any CPU.ActiveCfg = Debug|Any CPU
		{AA51E172-EC6A-4F70-84B1-343C98513FD6}.Debug|Any CPU.Build.0 = Debug|Any CPU
		{AA51E172-EC6A-4F70-84B1-343C98513FD6}.Release|Any CPU.ActiveCfg = Release|Any CPU
		{AA51E172-EC6A-4F70-84B1-343C98513FD6}.Release|Any CPU.Build.0 = Release|Any CPU
	EndGlobalSection
	GlobalSection(SolutionProperties) = preSolution
		HideSolutionNode = FALSE
	EndGlobalSection
EndGlobal
